
Microsoft Visual Studio Solution File, Format Version 12.00
# Visual Studio Version 17
VisualStudioVersion = 17.5.33627.172
MinimumVisualStudioVersion = 10.0.40219.1
Project("{FAE04EC0-301F-11D3-BF4B-00C04F79EFBC}") = "BackendAssignment", "BackendAssignment\BackendAssignment.csproj", "{C01ED331-5AB2-4D4E-8A2D-FEA3FDCFA9E3}"
EndProject
Global
	GlobalSection(SolutionConfigurationPlatforms) = preSolution
		Debug|Any CPU = Debug|Any CPU
		Release|Any CPU = Release|Any CPU
	EndGlobalSection
	GlobalSection(ProjectConfigurationPlatforms) = postSolution
		{C01ED331-5AB2-4D4E-8A2D-FEA3FDCFA9E3}.Debug|Any CPU.ActiveCfg = Debug|Any CPU
		{C01ED331-5AB2-4D4E-8A2D-FEA3FDCFA9E3}.Debug|Any CPU.Build.0 = Debug|Any CPU
		{C01ED331-5AB2-4D4E-8A2D-FEA3FDCFA9E3}.Release|Any CPU.ActiveCfg = Release|Any CPU
		{C01ED331-5AB2-4D4E-8A2D-FEA3FDCFA9E3}.Release|Any CPU.Build.0 = Release|Any CPU
	EndGlobalSection
	GlobalSection(SolutionProperties) = preSolution
		HideSolutionNode = FALSE
	EndGlobalSection
	GlobalSection(ExtensibilityGlobals) = postSolution
		SolutionGuid = {651A63A7-2664-4A31-A965-5025833CDC89}
	EndGlobalSection
EndGlobal
